// !$*UTF8*$!
{
	archiveVersion = 1;
	classes = {
	};
	objectVersion = 46;
	objects = {

/* Begin PBXBuildFile section */
		032DFAC9490B9929C30EAE31 /* libPods-NTManagementTests.a in Frameworks */ = {isa = PBXBuildFile; fileRef = 44C9C52DBF228F7EC1420CC0 /* libPods-NTManagementTests.a */; };
		29AC40C8EE94B67BB9721113 /* libPods-NTManagement.a in Frameworks */ = {isa = PBXBuildFile; fileRef = 9FB7B8913F66E4C8E6743EC7 /* libPods-NTManagement.a */; };
		6A59B1811D2CAC940083DF1E /* NTUnreadedTableViewController.m in Sources */ = {isa = PBXBuildFile; fileRef = 6A59B1801D2CAC940083DF1E /* NTUnreadedTableViewController.m */; };
		6A59B1841D2CAD7D0083DF1E /* NTUnreadedTableViewCell.m in Sources */ = {isa = PBXBuildFile; fileRef = 6A59B1831D2CAD7D0083DF1E /* NTUnreadedTableViewCell.m */; };
		6A60FD5B1D26C5A9002F9C88 /* NTSettingTableViewController.m in Sources */ = {isa = PBXBuildFile; fileRef = 6A60FD5A1D26C5A9002F9C88 /* NTSettingTableViewController.m */; };
		6A666EDF1D1ADA0000F590C9 /* Main.storyboard in Resources */ = {isa = PBXBuildFile; fileRef = 6A666EDD1D1ADA0000F590C9 /* Main.storyboard */; };
		6A666EE11D1ADA0100F590C9 /* Assets.xcassets in Resources */ = {isa = PBXBuildFile; fileRef = 6A666EE01D1ADA0100F590C9 /* Assets.xcassets */; };
		6A666EE41D1ADA0100F590C9 /* LaunchScreen.storyboard in Resources */ = {isa = PBXBuildFile; fileRef = 6A666EE21D1ADA0100F590C9 /* LaunchScreen.storyboard */; };
		6A666EEF1D1ADA0100F590C9 /* NTManagementTests.m in Sources */ = {isa = PBXBuildFile; fileRef = 6A666EEE1D1ADA0100F590C9 /* NTManagementTests.m */; };
		6A666EFA1D1ADA0100F590C9 /* NTManagementUITests.m in Sources */ = {isa = PBXBuildFile; fileRef = 6A666EF91D1ADA0100F590C9 /* NTManagementUITests.m */; };
		6A6ED42A1D276098003BF471 /* KeychainTool.m in Sources */ = {isa = PBXBuildFile; fileRef = 6A6ED4271D276098003BF471 /* KeychainTool.m */; };
		6A6ED42B1D276098003BF471 /* PassWordTool.m in Sources */ = {isa = PBXBuildFile; fileRef = 6A6ED4291D276098003BF471 /* PassWordTool.m */; };
		6A6ED4321D279B99003BF471 /* NTUnlockViewController.m in Sources */ = {isa = PBXBuildFile; fileRef = 6A6ED4311D279B99003BF471 /* NTUnlockViewController.m */; };
		6A6ED4351D279D38003BF471 /* NTUnlockView.m in Sources */ = {isa = PBXBuildFile; fileRef = 6A6ED4341D279D38003BF471 /* NTUnlockView.m */; };
		6A7105DD1D201CA70012AA99 /* NTLoginViewController.m in Sources */ = {isa = PBXBuildFile; fileRef = 6A7105D81D201CA70012AA99 /* NTLoginViewController.m */; };
		6A7E4E191D214184000E68C1 /* NTLoginTableViewCell.m in Sources */ = {isa = PBXBuildFile; fileRef = 6A7E4E181D214184000E68C1 /* NTLoginTableViewCell.m */; };
		6AA066DA1D48708300D253D1 /* NTLatestFlowTableViewCell.m in Sources */ = {isa = PBXBuildFile; fileRef = 6AA066D81D48708300D253D1 /* NTLatestFlowTableViewCell.m */; };
		6AA066DB1D48708300D253D1 /* NTLatestFlowTableViewCell.xib in Resources */ = {isa = PBXBuildFile; fileRef = 6AA066D91D48708300D253D1 /* NTLatestFlowTableViewCell.xib */; };
		6AA7627B1D229E6400E93E50 /* NTLockViewController.m in Sources */ = {isa = PBXBuildFile; fileRef = 6AA762781D229E6400E93E50 /* NTLockViewController.m */; };
		6AA762891D22A27600E93E50 /* UIButton+Extension.m in Sources */ = {isa = PBXBuildFile; fileRef = 6AA762811D22A27600E93E50 /* UIButton+Extension.m */; };
		6AA7628A1D22A27600E93E50 /* UIView+Extension.m in Sources */ = {isa = PBXBuildFile; fileRef = 6AA762831D22A27600E93E50 /* UIView+Extension.m */; };
		6AA7628B1D22A27600E93E50 /* AppDelegate.m in Sources */ = {isa = PBXBuildFile; fileRef = 6AA762861D22A27600E93E50 /* AppDelegate.m */; };
		6AA7628C1D22A27600E93E50 /* main.m in Sources */ = {isa = PBXBuildFile; fileRef = 6AA762871D22A27600E93E50 /* main.m */; };
		6AA7628E1D22A38800E93E50 /* NTLockView.m in Sources */ = {isa = PBXBuildFile; fileRef = 6AA7628D1D22A38800E93E50 /* NTLockView.m */; };
		6AB824F81D2405EC00B26D18 /* NTTabBarController.m in Sources */ = {isa = PBXBuildFile; fileRef = 6AB824F71D2405EC00B26D18 /* NTTabBarController.m */; };
		6AB824FB1D240DBB00B26D18 /* NTLockViewSingleton.m in Sources */ = {isa = PBXBuildFile; fileRef = 6AB824FA1D240DBB00B26D18 /* NTLockViewSingleton.m */; };
		6ABA51031D460604002C15BD /* NTFlowViewController.m in Sources */ = {isa = PBXBuildFile; fileRef = 6ABA51021D460604002C15BD /* NTFlowViewController.m */; };
		6ABA51071D460622002C15BD /* NTNormalFlowTableViewCell.m in Sources */ = {isa = PBXBuildFile; fileRef = 6ABA51051D460622002C15BD /* NTNormalFlowTableViewCell.m */; };
		6ABA51081D460622002C15BD /* NTNormalFlowTableViewCell.xib in Resources */ = {isa = PBXBuildFile; fileRef = 6ABA51061D460622002C15BD /* NTNormalFlowTableViewCell.xib */; };
		6ADB7D811D2A9DEF006BAFEA /* NTInformationViewController.m in Sources */ = {isa = PBXBuildFile; fileRef = 6ADB7D801D2A9DEF006BAFEA /* NTInformationViewController.m */; };
		6AE4B8141D23C904005C9BD8 /* NTLockResultView.m in Sources */ = {isa = PBXBuildFile; fileRef = 6AE4B8131D23C904005C9BD8 /* NTLockResultView.m */; };
		CD12DC789B976C73B52E7864 /* libPods-NTManagementUITests.a in Frameworks */ = {isa = PBXBuildFile; fileRef = E20A17B8B337DACFA48CBB4E /* libPods-NTManagementUITests.a */; };
/* End PBXBuildFile section */

/* Begin PBXContainerItemProxy section */
		6A666EEB1D1ADA0100F590C9 /* PBXContainerItemProxy */ = {
			isa = PBXContainerItemProxy;
			containerPortal = 6A666EC91D1ADA0000F590C9 /* Project object */;
			proxyType = 1;
			remoteGlobalIDString = 6A666ED01D1ADA0000F590C9;
			remoteInfo = NTManagement;
		};
		6A666EF61D1ADA0100F590C9 /* PBXContainerItemProxy */ = {
			isa = PBXContainerItemProxy;
			containerPortal = 6A666EC91D1ADA0000F590C9 /* Project object */;
			proxyType = 1;
			remoteGlobalIDString = 6A666ED01D1ADA0000F590C9;
			remoteInfo = NTManagement;
		};
/* End PBXContainerItemProxy section */

/* Begin PBXFileReference section */
		1D37ECAD778D6158FAC1D5D8 /* Pods-NTManagement.debug.xcconfig */ = {isa = PBXFileReference; includeInIndex = 1; lastKnownFileType = text.xcconfig; name = "Pods-NTManagement.debug.xcconfig"; path = "Pods/Target Support Files/Pods-NTManagement/Pods-NTManagement.debug.xcconfig"; sourceTree = "<group>"; };
		44C9C52DBF228F7EC1420CC0 /* libPods-NTManagementTests.a */ = {isa = PBXFileReference; explicitFileType = archive.ar; includeInIndex = 0; path = "libPods-NTManagementTests.a"; sourceTree = BUILT_PRODUCTS_DIR; };
		6A59B17F1D2CAC940083DF1E /* NTUnreadedTableViewController.h */ = {isa = PBXFileReference; fileEncoding = 4; lastKnownFileType = sourcecode.c.h; path = NTUnreadedTableViewController.h; sourceTree = "<group>"; };
		6A59B1801D2CAC940083DF1E /* NTUnreadedTableViewController.m */ = {isa = PBXFileReference; fileEncoding = 4; lastKnownFileType = sourcecode.c.objc; path = NTUnreadedTableViewController.m; sourceTree = "<group>"; };
		6A59B1821D2CAD7D0083DF1E /* NTUnreadedTableViewCell.h */ = {isa = PBXFileReference; fileEncoding = 4; lastKnownFileType = sourcecode.c.h; path = NTUnreadedTableViewCell.h; sourceTree = "<group>"; };
		6A59B1831D2CAD7D0083DF1E /* NTUnreadedTableViewCell.m */ = {isa = PBXFileReference; fileEncoding = 4; lastKnownFileType = sourcecode.c.objc; path = NTUnreadedTableViewCell.m; sourceTree = "<group>"; };
		6A60FD591D26C5A9002F9C88 /* NTSettingTableViewController.h */ = {isa = PBXFileReference; fileEncoding = 4; lastKnownFileType = sourcecode.c.h; path = NTSettingTableViewController.h; sourceTree = "<group>"; };
		6A60FD5A1D26C5A9002F9C88 /* NTSettingTableViewController.m */ = {isa = PBXFileReference; fileEncoding = 4; lastKnownFileType = sourcecode.c.objc; path = NTSettingTableViewController.m; sourceTree = "<group>"; };
		6A666ED11D1ADA0000F590C9 /* NTManagement.app */ = {isa = PBXFileReference; explicitFileType = wrapper.application; includeInIndex = 0; path = NTManagement.app; sourceTree = BUILT_PRODUCTS_DIR; };
		6A666EDE1D1ADA0000F590C9 /* Base */ = {isa = PBXFileReference; lastKnownFileType = file.storyboard; name = Base; path = Base.lproj/Main.storyboard; sourceTree = "<group>"; };
		6A666EE01D1ADA0100F590C9 /* Assets.xcassets */ = {isa = PBXFileReference; lastKnownFileType = folder.assetcatalog; path = Assets.xcassets; sourceTree = "<group>"; };
		6A666EE31D1ADA0100F590C9 /* Base */ = {isa = PBXFileReference; lastKnownFileType = file.storyboard; name = Base; path = Base.lproj/LaunchScreen.storyboard; sourceTree = "<group>"; };
		6A666EEA1D1ADA0100F590C9 /* NTManagementTests.xctest */ = {isa = PBXFileReference; explicitFileType = wrapper.cfbundle; includeInIndex = 0; path = NTManagementTests.xctest; sourceTree = BUILT_PRODUCTS_DIR; };
		6A666EEE1D1ADA0100F590C9 /* NTManagementTests.m */ = {isa = PBXFileReference; lastKnownFileType = sourcecode.c.objc; path = NTManagementTests.m; sourceTree = "<group>"; };
		6A666EF01D1ADA0100F590C9 /* Info.plist */ = {isa = PBXFileReference; lastKnownFileType = text.plist.xml; path = Info.plist; sourceTree = "<group>"; };
		6A666EF51D1ADA0100F590C9 /* NTManagementUITests.xctest */ = {isa = PBXFileReference; explicitFileType = wrapper.cfbundle; includeInIndex = 0; path = NTManagementUITests.xctest; sourceTree = BUILT_PRODUCTS_DIR; };
		6A666EF91D1ADA0100F590C9 /* NTManagementUITests.m */ = {isa = PBXFileReference; lastKnownFileType = sourcecode.c.objc; path = NTManagementUITests.m; sourceTree = "<group>"; };
		6A666EFB1D1ADA0100F590C9 /* Info.plist */ = {isa = PBXFileReference; lastKnownFileType = text.plist.xml; path = Info.plist; sourceTree = "<group>"; };
		6A6ED4261D276098003BF471 /* KeychainTool.h */ = {isa = PBXFileReference; fileEncoding = 4; lastKnownFileType = sourcecode.c.h; path = KeychainTool.h; sourceTree = "<group>"; };
		6A6ED4271D276098003BF471 /* KeychainTool.m */ = {isa = PBXFileReference; fileEncoding = 4; lastKnownFileType = sourcecode.c.objc; path = KeychainTool.m; sourceTree = "<group>"; };
		6A6ED4281D276098003BF471 /* PassWordTool.h */ = {isa = PBXFileReference; fileEncoding = 4; lastKnownFileType = sourcecode.c.h; path = PassWordTool.h; sourceTree = "<group>"; };
		6A6ED4291D276098003BF471 /* PassWordTool.m */ = {isa = PBXFileReference; fileEncoding = 4; lastKnownFileType = sourcecode.c.objc; path = PassWordTool.m; sourceTree = "<group>"; };
		6A6ED4301D279B99003BF471 /* NTUnlockViewController.h */ = {isa = PBXFileReference; fileEncoding = 4; lastKnownFileType = sourcecode.c.h; path = NTUnlockViewController.h; sourceTree = "<group>"; };
		6A6ED4311D279B99003BF471 /* NTUnlockViewController.m */ = {isa = PBXFileReference; fileEncoding = 4; lastKnownFileType = sourcecode.c.objc; path = NTUnlockViewController.m; sourceTree = "<group>"; };
		6A6ED4331D279D38003BF471 /* NTUnlockView.h */ = {isa = PBXFileReference; fileEncoding = 4; lastKnownFileType = sourcecode.c.h; path = NTUnlockView.h; sourceTree = "<group>"; };
		6A6ED4341D279D38003BF471 /* NTUnlockView.m */ = {isa = PBXFileReference; fileEncoding = 4; lastKnownFileType = sourcecode.c.objc; path = NTUnlockView.m; sourceTree = "<group>"; };
		6A7105D71D201CA70012AA99 /* NTLoginViewController.h */ = {isa = PBXFileReference; fileEncoding = 4; lastKnownFileType = sourcecode.c.h; path = NTLoginViewController.h; sourceTree = "<group>"; };
		6A7105D81D201CA70012AA99 /* NTLoginViewController.m */ = {isa = PBXFileReference; fileEncoding = 4; lastKnownFileType = sourcecode.c.objc; path = NTLoginViewController.m; sourceTree = "<group>"; };
		6A7E4E171D214184000E68C1 /* NTLoginTableViewCell.h */ = {isa = PBXFileReference; fileEncoding = 4; lastKnownFileType = sourcecode.c.h; path = NTLoginTableViewCell.h; sourceTree = "<group>"; };
		6A7E4E181D214184000E68C1 /* NTLoginTableViewCell.m */ = {isa = PBXFileReference; fileEncoding = 4; lastKnownFileType = sourcecode.c.objc; path = NTLoginTableViewCell.m; sourceTree = "<group>"; };
		6AA066D71D48708300D253D1 /* NTLatestFlowTableViewCell.h */ = {isa = PBXFileReference; fileEncoding = 4; lastKnownFileType = sourcecode.c.h; path = NTLatestFlowTableViewCell.h; sourceTree = "<group>"; };
		6AA066D81D48708300D253D1 /* NTLatestFlowTableViewCell.m */ = {isa = PBXFileReference; fileEncoding = 4; lastKnownFileType = sourcecode.c.objc; path = NTLatestFlowTableViewCell.m; sourceTree = "<group>"; };
		6AA066D91D48708300D253D1 /* NTLatestFlowTableViewCell.xib */ = {isa = PBXFileReference; fileEncoding = 4; lastKnownFileType = file.xib; name = NTLatestFlowTableViewCell.xib; path = ../View/NTLatestFlowTableViewCell.xib; sourceTree = "<group>"; };
		6AA762771D229E6400E93E50 /* NTLockViewController.h */ = {isa = PBXFileReference; fileEncoding = 4; lastKnownFileType = sourcecode.c.h; path = NTLockViewController.h; sourceTree = "<group>"; };
		6AA762781D229E6400E93E50 /* NTLockViewController.m */ = {isa = PBXFileReference; fileEncoding = 4; lastKnownFileType = sourcecode.c.objc; path = NTLockViewController.m; sourceTree = "<group>"; };
		6AA7627C1D229E8400E93E50 /* NTLockView.h */ = {isa = PBXFileReference; fileEncoding = 4; lastKnownFileType = sourcecode.c.h; path = NTLockView.h; sourceTree = "<group>"; };
		6AA762801D22A27600E93E50 /* UIButton+Extension.h */ = {isa = PBXFileReference; fileEncoding = 4; lastKnownFileType = sourcecode.c.h; path = "UIButton+Extension.h"; sourceTree = "<group>"; };
		6AA762811D22A27600E93E50 /* UIButton+Extension.m */ = {isa = PBXFileReference; fileEncoding = 4; lastKnownFileType = sourcecode.c.objc; path = "UIButton+Extension.m"; sourceTree = "<group>"; };
		6AA762821D22A27600E93E50 /* UIView+Extension.h */ = {isa = PBXFileReference; fileEncoding = 4; lastKnownFileType = sourcecode.c.h; path = "UIView+Extension.h"; sourceTree = "<group>"; };
		6AA762831D22A27600E93E50 /* UIView+Extension.m */ = {isa = PBXFileReference; fileEncoding = 4; lastKnownFileType = sourcecode.c.objc; path = "UIView+Extension.m"; sourceTree = "<group>"; };
		6AA762851D22A27600E93E50 /* AppDelegate.h */ = {isa = PBXFileReference; fileEncoding = 4; lastKnownFileType = sourcecode.c.h; path = AppDelegate.h; sourceTree = "<group>"; };
		6AA762861D22A27600E93E50 /* AppDelegate.m */ = {isa = PBXFileReference; fileEncoding = 4; lastKnownFileType = sourcecode.c.objc; path = AppDelegate.m; sourceTree = "<group>"; };
		6AA762871D22A27600E93E50 /* main.m */ = {isa = PBXFileReference; fileEncoding = 4; lastKnownFileType = sourcecode.c.objc; path = main.m; sourceTree = "<group>"; };
		6AA762881D22A27600E93E50 /* PrefixHeader.pch */ = {isa = PBXFileReference; fileEncoding = 4; lastKnownFileType = sourcecode.c.h; path = PrefixHeader.pch; sourceTree = "<group>"; };
		6AA7628D1D22A38800E93E50 /* NTLockView.m */ = {isa = PBXFileReference; fileEncoding = 4; lastKnownFileType = sourcecode.c.objc; path = NTLockView.m; sourceTree = "<group>"; };
		6AB824F61D2405EC00B26D18 /* NTTabBarController.h */ = {isa = PBXFileReference; fileEncoding = 4; lastKnownFileType = sourcecode.c.h; path = NTTabBarController.h; sourceTree = "<group>"; };
		6AB824F71D2405EC00B26D18 /* NTTabBarController.m */ = {isa = PBXFileReference; fileEncoding = 4; lastKnownFileType = sourcecode.c.objc; path = NTTabBarController.m; sourceTree = "<group>"; };
		6AB824F91D240DBB00B26D18 /* NTLockViewSingleton.h */ = {isa = PBXFileReference; fileEncoding = 4; lastKnownFileType = sourcecode.c.h; path = NTLockViewSingleton.h; sourceTree = "<group>"; };
		6AB824FA1D240DBB00B26D18 /* NTLockViewSingleton.m */ = {isa = PBXFileReference; fileEncoding = 4; lastKnownFileType = sourcecode.c.objc; path = NTLockViewSingleton.m; sourceTree = "<group>"; };
		6ABA51011D460604002C15BD /* NTFlowViewController.h */ = {isa = PBXFileReference; fileEncoding = 4; lastKnownFileType = sourcecode.c.h; path = NTFlowViewController.h; sourceTree = "<group>"; };
		6ABA51021D460604002C15BD /* NTFlowViewController.m */ = {isa = PBXFileReference; fileEncoding = 4; lastKnownFileType = sourcecode.c.objc; path = NTFlowViewController.m; sourceTree = "<group>"; };
		6ABA51041D460622002C15BD /* NTNormalFlowTableViewCell.h */ = {isa = PBXFileReference; fileEncoding = 4; lastKnownFileType = sourcecode.c.h; path = NTNormalFlowTableViewCell.h; sourceTree = "<group>"; };
		6ABA51051D460622002C15BD /* NTNormalFlowTableViewCell.m */ = {isa = PBXFileReference; fileEncoding = 4; lastKnownFileType = sourcecode.c.objc; path = NTNormalFlowTableViewCell.m; sourceTree = "<group>"; };
		6ABA51061D460622002C15BD /* NTNormalFlowTableViewCell.xib */ = {isa = PBXFileReference; fileEncoding = 4; lastKnownFileType = file.xib; name = NTNormalFlowTableViewCell.xib; path = ../View/NTNormalFlowTableViewCell.xib; sourceTree = "<group>"; };
		6ADB7D7F1D2A9DEF006BAFEA /* NTInformationViewController.h */ = {isa = PBXFileReference; fileEncoding = 4; lastKnownFileType = sourcecode.c.h; path = NTInformationViewController.h; sourceTree = "<group>"; };
		6ADB7D801D2A9DEF006BAFEA /* NTInformationViewController.m */ = {isa = PBXFileReference; fileEncoding = 4; lastKnownFileType = sourcecode.c.objc; path = NTInformationViewController.m; sourceTree = "<group>"; };
		6AE4B8121D23C904005C9BD8 /* NTLockResultView.h */ = {isa = PBXFileReference; fileEncoding = 4; lastKnownFileType = sourcecode.c.h; path = NTLockResultView.h; sourceTree = "<group>"; };
		6AE4B8131D23C904005C9BD8 /* NTLockResultView.m */ = {isa = PBXFileReference; fileEncoding = 4; lastKnownFileType = sourcecode.c.objc; path = NTLockResultView.m; sourceTree = "<group>"; };
		6AEC8A911D1C197C00648C3F /* Info.plist */ = {isa = PBXFileReference; fileEncoding = 4; lastKnownFileType = text.plist.xml; path = Info.plist; sourceTree = "<group>"; };
		6DB09DB2A985706F0CDF5F3E /* Pods-NTManagementTests.release.xcconfig */ = {isa = PBXFileReference; includeInIndex = 1; lastKnownFileType = text.xcconfig; name = "Pods-NTManagementTests.release.xcconfig"; path = "Pods/Target Support Files/Pods-NTManagementTests/Pods-NTManagementTests.release.xcconfig"; sourceTree = "<group>"; };
		98CCAC7D872136A15C0A85B4 /* Pods-NTManagementTests.debug.xcconfig */ = {isa = PBXFileReference; includeInIndex = 1; lastKnownFileType = text.xcconfig; name = "Pods-NTManagementTests.debug.xcconfig"; path = "Pods/Target Support Files/Pods-NTManagementTests/Pods-NTManagementTests.debug.xcconfig"; sourceTree = "<group>"; };
		9FB7B8913F66E4C8E6743EC7 /* libPods-NTManagement.a */ = {isa = PBXFileReference; explicitFileType = archive.ar; includeInIndex = 0; path = "libPods-NTManagement.a"; sourceTree = BUILT_PRODUCTS_DIR; };
		A81888B979B989D23F2805AD /* Pods-NTManagementUITests.debug.xcconfig */ = {isa = PBXFileReference; includeInIndex = 1; lastKnownFileType = text.xcconfig; name = "Pods-NTManagementUITests.debug.xcconfig"; path = "Pods/Target Support Files/Pods-NTManagementUITests/Pods-NTManagementUITests.debug.xcconfig"; sourceTree = "<group>"; };
		B2519CC79F8EB38FA00E8D2C /* Pods-NTManagement.release.xcconfig */ = {isa = PBXFileReference; includeInIndex = 1; lastKnownFileType = text.xcconfig; name = "Pods-NTManagement.release.xcconfig"; path = "Pods/Target Support Files/Pods-NTManagement/Pods-NTManagement.release.xcconfig"; sourceTree = "<group>"; };
		B937495F951A9705D0B02DBF /* Pods-NTManagementUITests.release.xcconfig */ = {isa = PBXFileReference; includeInIndex = 1; lastKnownFileType = text.xcconfig; name = "Pods-NTManagementUITests.release.xcconfig"; path = "Pods/Target Support Files/Pods-NTManagementUITests/Pods-NTManagementUITests.release.xcconfig"; sourceTree = "<group>"; };
		E20A17B8B337DACFA48CBB4E /* libPods-NTManagementUITests.a */ = {isa = PBXFileReference; explicitFileType = archive.ar; includeInIndex = 0; path = "libPods-NTManagementUITests.a"; sourceTree = BUILT_PRODUCTS_DIR; };
/* End PBXFileReference section */

/* Begin PBXFrameworksBuildPhase section */
		6A666ECE1D1ADA0000F590C9 /* Frameworks */ = {
			isa = PBXFrameworksBuildPhase;
			buildActionMask = 2147483647;
			files = (
				29AC40C8EE94B67BB9721113 /* libPods-NTManagement.a in Frameworks */,
			);
			runOnlyForDeploymentPostprocessing = 0;
		};
		6A666EE71D1ADA0100F590C9 /* Frameworks */ = {
			isa = PBXFrameworksBuildPhase;
			buildActionMask = 2147483647;
			files = (
				032DFAC9490B9929C30EAE31 /* libPods-NTManagementTests.a in Frameworks */,
			);
			runOnlyForDeploymentPostprocessing = 0;
		};
		6A666EF21D1ADA0100F590C9 /* Frameworks */ = {
			isa = PBXFrameworksBuildPhase;
			buildActionMask = 2147483647;
			files = (
				CD12DC789B976C73B52E7864 /* libPods-NTManagementUITests.a in Frameworks */,
			);
			runOnlyForDeploymentPostprocessing = 0;
		};
/* End PBXFrameworksBuildPhase section */

/* Begin PBXGroup section */
		6A48AF0B1D2CAC6C00F265F1 /* Controller */ = {
			isa = PBXGroup;
			children = (
				6ABA51011D460604002C15BD /* NTFlowViewController.h */,
				6ABA51021D460604002C15BD /* NTFlowViewController.m */,
				6A59B17F1D2CAC940083DF1E /* NTUnreadedTableViewController.h */,
				6A59B1801D2CAC940083DF1E /* NTUnreadedTableViewController.m */,
			);
			path = Controller;
			sourceTree = "<group>";
		};
		6A48AF0D1D2CAC6C00F265F1 /* View */ = {
			isa = PBXGroup;
			children = (
				6A59B1821D2CAD7D0083DF1E /* NTUnreadedTableViewCell.h */,
				6A59B1831D2CAD7D0083DF1E /* NTUnreadedTableViewCell.m */,
				6ABA51041D460622002C15BD /* NTNormalFlowTableViewCell.h */,
				6ABA51051D460622002C15BD /* NTNormalFlowTableViewCell.m */,
				6AA066D71D48708300D253D1 /* NTLatestFlowTableViewCell.h */,
				6AA066D81D48708300D253D1 /* NTLatestFlowTableViewCell.m */,
			);
			path = View;
			sourceTree = "<group>";
		};
		6A60FD531D26C59A002F9C88 /* Controller */ = {
			isa = PBXGroup;
			children = (
				6A60FD591D26C5A9002F9C88 /* NTSettingTableViewController.h */,
				6A60FD5A1D26C5A9002F9C88 /* NTSettingTableViewController.m */,
				6ADB7D7F1D2A9DEF006BAFEA /* NTInformationViewController.h */,
				6ADB7D801D2A9DEF006BAFEA /* NTInformationViewController.m */,
			);
			path = Controller;
			sourceTree = "<group>";
		};
		6A60FD561D26C59A002F9C88 /* Model */ = {
			isa = PBXGroup;
			children = (
			);
			path = Model;
			sourceTree = "<group>";
		};
		6A60FD571D26C59A002F9C88 /* View */ = {
			isa = PBXGroup;
			children = (
			);
			path = View;
			sourceTree = "<group>";
		};
		6A666EC81D1ADA0000F590C9 = {
			isa = PBXGroup;
			children = (
				6A666ED31D1ADA0000F590C9 /* NTManagement */,
				6A666EED1D1ADA0100F590C9 /* NTManagementTests */,
				6A666EF81D1ADA0100F590C9 /* NTManagementUITests */,
				6A666ED21D1ADA0000F590C9 /* Products */,
				94143EB802ECCB6CE9053215 /* Pods */,
				CA839C94A7DD1DB236302D1D /* Frameworks */,
			);
			sourceTree = "<group>";
		};
		6A666ED21D1ADA0000F590C9 /* Products */ = {
			isa = PBXGroup;
			children = (
				6A666ED11D1ADA0000F590C9 /* NTManagement.app */,
				6A666EEA1D1ADA0100F590C9 /* NTManagementTests.xctest */,
				6A666EF51D1ADA0100F590C9 /* NTManagementUITests.xctest */,
			);
			name = Products;
			sourceTree = "<group>";
		};
		6A666ED31D1ADA0000F590C9 /* NTManagement */ = {
			isa = PBXGroup;
			children = (
				6AEC8A8B1D1C180D00648C3F /* Begin */,
				6A7F208F1D24053D0032F60A /* Primary */,
				6AEC8A831D1C172D00648C3F /* Main */,
				6A666ED41D1ADA0000F590C9 /* Supporting Files */,
			);
			path = NTManagement;
			sourceTree = "<group>";
		};
		6A666ED41D1ADA0000F590C9 /* Supporting Files */ = {
			isa = PBXGroup;
			children = (
				6A666EDD1D1ADA0000F590C9 /* Main.storyboard */,
				6A666EE21D1ADA0100F590C9 /* LaunchScreen.storyboard */,
				6A666EE01D1ADA0100F590C9 /* Assets.xcassets */,
				6AEC8A911D1C197C00648C3F /* Info.plist */,
			);
			name = "Supporting Files";
			sourceTree = "<group>";
		};
		6A666EED1D1ADA0100F590C9 /* NTManagementTests */ = {
			isa = PBXGroup;
			children = (
				6A666EEE1D1ADA0100F590C9 /* NTManagementTests.m */,
				6A666EF01D1ADA0100F590C9 /* Info.plist */,
			);
			path = NTManagementTests;
			sourceTree = "<group>";
		};
		6A666EF81D1ADA0100F590C9 /* NTManagementUITests */ = {
			isa = PBXGroup;
			children = (
				6A666EF91D1ADA0100F590C9 /* NTManagementUITests.m */,
				6A666EFB1D1ADA0100F590C9 /* Info.plist */,
			);
			path = NTManagementUITests;
			sourceTree = "<group>";
		};
		6A6ED4251D27607E003BF471 /* Tools */ = {
			isa = PBXGroup;
			children = (
				6A6ED4261D276098003BF471 /* KeychainTool.h */,
				6A6ED4271D276098003BF471 /* KeychainTool.m */,
				6A6ED4281D276098003BF471 /* PassWordTool.h */,
				6A6ED4291D276098003BF471 /* PassWordTool.m */,
			);
			path = Tools;
			sourceTree = "<group>";
		};
		6A6ED42C1D279B23003BF471 /* Unlock */ = {
			isa = PBXGroup;
			children = (
				6A6ED42E1D279B23003BF471 /* Model */,
				6A6ED42F1D279B23003BF471 /* View */,
				6A6ED42D1D279B23003BF471 /* Controller */,
			);
			path = Unlock;
			sourceTree = "<group>";
		};
		6A6ED42D1D279B23003BF471 /* Controller */ = {
			isa = PBXGroup;
			children = (
				6A6ED4301D279B99003BF471 /* NTUnlockViewController.h */,
				6A6ED4311D279B99003BF471 /* NTUnlockViewController.m */,
			);
			path = Controller;
			sourceTree = "<group>";
		};
		6A6ED42E1D279B23003BF471 /* Model */ = {
			isa = PBXGroup;
			children = (
			);
			path = Model;
			sourceTree = "<group>";
		};
		6A6ED42F1D279B23003BF471 /* View */ = {
			isa = PBXGroup;
			children = (
				6A6ED4331D279D38003BF471 /* NTUnlockView.h */,
				6A6ED4341D279D38003BF471 /* NTUnlockView.m */,
			);
			path = View;
			sourceTree = "<group>";
		};
		6A7105D61D201CA70012AA99 /* Controller */ = {
			isa = PBXGroup;
			children = (
				6A7105D71D201CA70012AA99 /* NTLoginViewController.h */,
				6A7105D81D201CA70012AA99 /* NTLoginViewController.m */,
			);
			path = Controller;
			sourceTree = "<group>";
		};
		6A7105D91D201CA70012AA99 /* Model */ = {
			isa = PBXGroup;
			children = (
			);
			path = Model;
			sourceTree = "<group>";
		};
		6A7105DA1D201CA70012AA99 /* View */ = {
			isa = PBXGroup;
			children = (
				6A7E4E171D214184000E68C1 /* NTLoginTableViewCell.h */,
				6A7E4E181D214184000E68C1 /* NTLoginTableViewCell.m */,
			);
			path = View;
			sourceTree = "<group>";
		};
		6A7F208F1D24053D0032F60A /* Primary */ = {
			isa = PBXGroup;
			children = (
				6A7F20911D24053D0032F60A /* Main */,
				6A7F20931D24053D0032F60A /* Unreaded */,
				6A7F20921D24053D0032F60A /* Readed */,
				6A7F20901D24053D0032F60A /* Information */,
			);
			path = Primary;
			sourceTree = "<group>";
		};
		6A7F20901D24053D0032F60A /* Information */ = {
			isa = PBXGroup;
			children = (
				6A60FD561D26C59A002F9C88 /* Model */,
				6A60FD571D26C59A002F9C88 /* View */,
				6A60FD531D26C59A002F9C88 /* Controller */,
			);
			path = Information;
			sourceTree = "<group>";
		};
		6A7F20911D24053D0032F60A /* Main */ = {
			isa = PBXGroup;
			children = (
				6AB824F61D2405EC00B26D18 /* NTTabBarController.h */,
				6AB824F71D2405EC00B26D18 /* NTTabBarController.m */,
			);
			path = Main;
			sourceTree = "<group>";
		};
		6A7F20921D24053D0032F60A /* Readed */ = {
			isa = PBXGroup;
			children = (
			);
			path = Readed;
			sourceTree = "<group>";
		};
		6A7F20931D24053D0032F60A /* Unreaded */ = {
			isa = PBXGroup;
			children = (
				6ABA50FA1D46052B002C15BD /* Model */,
				6A48AF0D1D2CAC6C00F265F1 /* View */,
				6A48AF0B1D2CAC6C00F265F1 /* Controller */,
				6ABA50FB1D46052B002C15BD /* Xib */,
			);
			path = Unreaded;
			sourceTree = "<group>";
		};
		6AA762761D229E6400E93E50 /* Controller */ = {
			isa = PBXGroup;
			children = (
				6AA762771D229E6400E93E50 /* NTLockViewController.h */,
				6AA762781D229E6400E93E50 /* NTLockViewController.m */,
			);
			path = Controller;
			sourceTree = "<group>";
		};
		6AA762791D229E6400E93E50 /* Model */ = {
			isa = PBXGroup;
			children = (
			);
			path = Model;
			sourceTree = "<group>";
		};
		6AA7627A1D229E6400E93E50 /* View */ = {
			isa = PBXGroup;
			children = (
				6AA7627C1D229E8400E93E50 /* NTLockView.h */,
				6AA7628D1D22A38800E93E50 /* NTLockView.m */,
				6AE4B8121D23C904005C9BD8 /* NTLockResultView.h */,
				6AE4B8131D23C904005C9BD8 /* NTLockResultView.m */,
			);
			path = View;
			sourceTree = "<group>";
		};
		6AA7627F1D22A27600E93E50 /* Category */ = {
			isa = PBXGroup;
			children = (
				6AA762801D22A27600E93E50 /* UIButton+Extension.h */,
				6AA762811D22A27600E93E50 /* UIButton+Extension.m */,
				6AA762821D22A27600E93E50 /* UIView+Extension.h */,
				6AA762831D22A27600E93E50 /* UIView+Extension.m */,
			);
			path = Category;
			sourceTree = "<group>";
		};
		6AA762841D22A27600E93E50 /* Others */ = {
			isa = PBXGroup;
			children = (
				6AA762851D22A27600E93E50 /* AppDelegate.h */,
				6AA762861D22A27600E93E50 /* AppDelegate.m */,
				6AA762871D22A27600E93E50 /* main.m */,
				6AA762881D22A27600E93E50 /* PrefixHeader.pch */,
			);
			path = Others;
			sourceTree = "<group>";
		};
		6AB016EB1D1C254B00461757 /* Login */ = {
			isa = PBXGroup;
			children = (
				6A7105D91D201CA70012AA99 /* Model */,
				6A7105DA1D201CA70012AA99 /* View */,
				6A7105D61D201CA70012AA99 /* Controller */,
			);
			path = Login;
			sourceTree = "<group>";
		};
		6ABA50FA1D46052B002C15BD /* Model */ = {
			isa = PBXGroup;
			children = (
			);
			path = Model;
			sourceTree = "<group>";
		};
		6ABA50FB1D46052B002C15BD /* Xib */ = {
			isa = PBXGroup;
			children = (
				6ABA51061D460622002C15BD /* NTNormalFlowTableViewCell.xib */,
				6AA066D91D48708300D253D1 /* NTLatestFlowTableViewCell.xib */,
			);
			path = Xib;
			sourceTree = "<group>";
		};
		6AD8A8F61D23EA9900F7B07A /* Others */ = {
			isa = PBXGroup;
			children = (
				6AD8A8F71D23EA9900F7B07A /* Singleton */,
			);
			path = Others;
			sourceTree = "<group>";
		};
		6AD8A8F71D23EA9900F7B07A /* Singleton */ = {
			isa = PBXGroup;
			children = (
				6AB824F91D240DBB00B26D18 /* NTLockViewSingleton.h */,
				6AB824FA1D240DBB00B26D18 /* NTLockViewSingleton.m */,
			);
			path = Singleton;
			sourceTree = "<group>";
		};
		6AEC8A831D1C172D00648C3F /* Main */ = {
			isa = PBXGroup;
			children = (
				6A6ED4251D27607E003BF471 /* Tools */,
				6AA762841D22A27600E93E50 /* Others */,
				6AA7627F1D22A27600E93E50 /* Category */,
			);
			path = Main;
			sourceTree = "<group>";
		};
		6AEC8A8B1D1C180D00648C3F /* Begin */ = {
			isa = PBXGroup;
			children = (
				6AB016EB1D1C254B00461757 /* Login */,
				6AFF739F1D2255B9000DFBD0 /* Lock */,
				6A6ED42C1D279B23003BF471 /* Unlock */,
			);
			path = Begin;
			sourceTree = "<group>";
		};
		6AFF739F1D2255B9000DFBD0 /* Lock */ = {
			isa = PBXGroup;
			children = (
				6AA762791D229E6400E93E50 /* Model */,
				6AA7627A1D229E6400E93E50 /* View */,
				6AA762761D229E6400E93E50 /* Controller */,
				6AD8A8F61D23EA9900F7B07A /* Others */,
			);
			path = Lock;
			sourceTree = "<group>";
		};
		94143EB802ECCB6CE9053215 /* Pods */ = {
			isa = PBXGroup;
			children = (
				1D37ECAD778D6158FAC1D5D8 /* Pods-NTManagement.debug.xcconfig */,
				B2519CC79F8EB38FA00E8D2C /* Pods-NTManagement.release.xcconfig */,
				98CCAC7D872136A15C0A85B4 /* Pods-NTManagementTests.debug.xcconfig */,
				6DB09DB2A985706F0CDF5F3E /* Pods-NTManagementTests.release.xcconfig */,
				A81888B979B989D23F2805AD /* Pods-NTManagementUITests.debug.xcconfig */,
				B937495F951A9705D0B02DBF /* Pods-NTManagementUITests.release.xcconfig */,
			);
			name = Pods;
			sourceTree = "<group>";
		};
		CA839C94A7DD1DB236302D1D /* Frameworks */ = {
			isa = PBXGroup;
			children = (
				9FB7B8913F66E4C8E6743EC7 /* libPods-NTManagement.a */,
				44C9C52DBF228F7EC1420CC0 /* libPods-NTManagementTests.a */,
				E20A17B8B337DACFA48CBB4E /* libPods-NTManagementUITests.a */,
			);
			name = Frameworks;
			sourceTree = "<group>";
		};
/* End PBXGroup section */

/* Begin PBXNativeTarget section */
		6A666ED01D1ADA0000F590C9 /* NTManagement */ = {
			isa = PBXNativeTarget;
			buildConfigurationList = 6A666EFE1D1ADA0100F590C9 /* Build configuration list for PBXNativeTarget "NTManagement" */;
			buildPhases = (
				C4C6FD7720098A19EA338EBA /* [CP] Check Pods Manifest.lock */,
				6A666ECD1D1ADA0000F590C9 /* Sources */,
				6A666ECE1D1ADA0000F590C9 /* Frameworks */,
				6A666ECF1D1ADA0000F590C9 /* Resources */,
				C1B55A28ECDABD99C3B15BD8 /* [CP] Embed Pods Frameworks */,
				9728E9EFA55093D81F0BBA1A /* [CP] Copy Pods Resources */,
			);
			buildRules = (
			);
			dependencies = (
			);
			name = NTManagement;
			productName = NTManagement;
			productReference = 6A666ED11D1ADA0000F590C9 /* NTManagement.app */;
			productType = "com.apple.product-type.application";
		};
		6A666EE91D1ADA0100F590C9 /* NTManagementTests */ = {
			isa = PBXNativeTarget;
			buildConfigurationList = 6A666F011D1ADA0100F590C9 /* Build configuration list for PBXNativeTarget "NTManagementTests" */;
			buildPhases = (
				0EF74FA27D496DE416C7E4A8 /* [CP] Check Pods Manifest.lock */,
				6A666EE61D1ADA0100F590C9 /* Sources */,
				6A666EE71D1ADA0100F590C9 /* Frameworks */,
				6A666EE81D1ADA0100F590C9 /* Resources */,
				E6EA390019F60E90D14651C0 /* [CP] Embed Pods Frameworks */,
				9ACC7EDACF55BBA8FB52CB4D /* [CP] Copy Pods Resources */,
			);
			buildRules = (
			);
			dependencies = (
				6A666EEC1D1ADA0100F590C9 /* PBXTargetDependency */,
			);
			name = NTManagementTests;
			productName = NTManagementTests;
			productReference = 6A666EEA1D1ADA0100F590C9 /* NTManagementTests.xctest */;
			productType = "com.apple.product-type.bundle.unit-test";
		};
		6A666EF41D1ADA0100F590C9 /* NTManagementUITests */ = {
			isa = PBXNativeTarget;
			buildConfigurationList = 6A666F041D1ADA0100F590C9 /* Build configuration list for PBXNativeTarget "NTManagementUITests" */;
			buildPhases = (
				FC22FCD4BFB4237E6F9E2AF7 /* [CP] Check Pods Manifest.lock */,
				6A666EF11D1ADA0100F590C9 /* Sources */,
				6A666EF21D1ADA0100F590C9 /* Frameworks */,
				6A666EF31D1ADA0100F590C9 /* Resources */,
				339877B507B3D3D9A6B96BDA /* [CP] Copy Pods Resources */,
			);
			buildRules = (
			);
			dependencies = (
				6A666EF71D1ADA0100F590C9 /* PBXTargetDependency */,
			);
			name = NTManagementUITests;
			productName = NTManagementUITests;
			productReference = 6A666EF51D1ADA0100F590C9 /* NTManagementUITests.xctest */;
			productType = "com.apple.product-type.bundle.ui-testing";
		};
/* End PBXNativeTarget section */

/* Begin PBXProject section */
		6A666EC91D1ADA0000F590C9 /* Project object */ = {
			isa = PBXProject;
			attributes = {
				CLASSPREFIX = NT;
				LastUpgradeCheck = 0730;
				ORGANIZATIONNAME = nineteen;
				TargetAttributes = {
					6A666ED01D1ADA0000F590C9 = {
						CreatedOnToolsVersion = 7.3.1;
						DevelopmentTeam = 43H54M6JEQ;
					};
					6A666EE91D1ADA0100F590C9 = {
						CreatedOnToolsVersion = 7.3.1;
						DevelopmentTeam = 43H54M6JEQ;
						TestTargetID = 6A666ED01D1ADA0000F590C9;
					};
					6A666EF41D1ADA0100F590C9 = {
						CreatedOnToolsVersion = 7.3.1;
						DevelopmentTeam = 43H54M6JEQ;
						TestTargetID = 6A666ED01D1ADA0000F590C9;
					};
				};
			};
			buildConfigurationList = 6A666ECC1D1ADA0000F590C9 /* Build configuration list for PBXProject "NTManagement" */;
			compatibilityVersion = "Xcode 3.2";
			developmentRegion = English;
			hasScannedForEncodings = 0;
			knownRegions = (
				en,
				Base,
			);
			mainGroup = 6A666EC81D1ADA0000F590C9;
			productRefGroup = 6A666ED21D1ADA0000F590C9 /* Products */;
			projectDirPath = "";
			projectRoot = "";
			targets = (
				6A666ED01D1ADA0000F590C9 /* NTManagement */,
				6A666EE91D1ADA0100F590C9 /* NTManagementTests */,
				6A666EF41D1ADA0100F590C9 /* NTManagementUITests */,
			);
		};
/* End PBXProject section */

/* Begin PBXResourcesBuildPhase section */
		6A666ECF1D1ADA0000F590C9 /* Resources */ = {
			isa = PBXResourcesBuildPhase;
			buildActionMask = 2147483647;
			files = (
				6ABA51081D460622002C15BD /* NTNormalFlowTableViewCell.xib in Resources */,
				6A666EE41D1ADA0100F590C9 /* LaunchScreen.storyboard in Resources */,
				6AA066DB1D48708300D253D1 /* NTLatestFlowTableViewCell.xib in Resources */,
				6A666EE11D1ADA0100F590C9 /* Assets.xcassets in Resources */,
				6A666EDF1D1ADA0000F590C9 /* Main.storyboard in Resources */,
			);
			runOnlyForDeploymentPostprocessing = 0;
		};
		6A666EE81D1ADA0100F590C9 /* Resources */ = {
			isa = PBXResourcesBuildPhase;
			buildActionMask = 2147483647;
			files = (
			);
			runOnlyForDeploymentPostprocessing = 0;
		};
		6A666EF31D1ADA0100F590C9 /* Resources */ = {
			isa = PBXResourcesBuildPhase;
			buildActionMask = 2147483647;
			files = (
			);
			runOnlyForDeploymentPostprocessing = 0;
		};
/* End PBXResourcesBuildPhase section */

/* Begin PBXShellScriptBuildPhase section */
		0EF74FA27D496DE416C7E4A8 /* [CP] Check Pods Manifest.lock */ = {
			isa = PBXShellScriptBuildPhase;
			buildActionMask = 2147483647;
			files = (
			);
			inputPaths = (
			);
			name = "[CP] Check Pods Manifest.lock";
			outputPaths = (
			);
			runOnlyForDeploymentPostprocessing = 0;
			shellPath = /bin/sh;
			shellScript = "diff \"${PODS_ROOT}/../Podfile.lock\" \"${PODS_ROOT}/Manifest.lock\" > /dev/null\nif [[ $? != 0 ]] ; then\n    cat << EOM\nerror: The sandbox is not in sync with the Podfile.lock. Run 'pod install' or update your CocoaPods installation.\nEOM\n    exit 1\nfi\n";
			showEnvVarsInLog = 0;
		};
		339877B507B3D3D9A6B96BDA /* [CP] Copy Pods Resources */ = {
			isa = PBXShellScriptBuildPhase;
			buildActionMask = 2147483647;
			files = (
			);
			inputPaths = (
			);
			name = "[CP] Copy Pods Resources";
			outputPaths = (
			);
			runOnlyForDeploymentPostprocessing = 0;
			shellPath = /bin/sh;
			shellScript = "\"${SRCROOT}/Pods/Target Support Files/Pods-NTManagementUITests/Pods-NTManagementUITests-resources.sh\"\n";
			showEnvVarsInLog = 0;
		};
		9728E9EFA55093D81F0BBA1A /* [CP] Copy Pods Resources */ = {
			isa = PBXShellScriptBuildPhase;
			buildActionMask = 2147483647;
			files = (
			);
			inputPaths = (
			);
			name = "[CP] Copy Pods Resources";
			outputPaths = (
			);
			runOnlyForDeploymentPostprocessing = 0;
			shellPath = /bin/sh;
			shellScript = "\"${SRCROOT}/Pods/Target Support Files/Pods-NTManagement/Pods-NTManagement-resources.sh\"\n";
			showEnvVarsInLog = 0;
		};
		9ACC7EDACF55BBA8FB52CB4D /* [CP] Copy Pods Resources */ = {
			isa = PBXShellScriptBuildPhase;
			buildActionMask = 2147483647;
			files = (
			);
			inputPaths = (
			);
			name = "[CP] Copy Pods Resources";
			outputPaths = (
			);
			runOnlyForDeploymentPostprocessing = 0;
			shellPath = /bin/sh;
			shellScript = "\"${SRCROOT}/Pods/Target Support Files/Pods-NTManagementTests/Pods-NTManagementTests-resources.sh\"\n";
			showEnvVarsInLog = 0;
		};
		C1B55A28ECDABD99C3B15BD8 /* [CP] Embed Pods Frameworks */ = {
			isa = PBXShellScriptBuildPhase;
			buildActionMask = 2147483647;
			files = (
			);
			inputPaths = (
			);
			name = "[CP] Embed Pods Frameworks";
			outputPaths = (
			);
			runOnlyForDeploymentPostprocessing = 0;
			shellPath = /bin/sh;
			shellScript = "\"${SRCROOT}/Pods/Target Support Files/Pods-NTManagement/Pods-NTManagement-frameworks.sh\"\n";
			showEnvVarsInLog = 0;
		};
		C4C6FD7720098A19EA338EBA /* [CP] Check Pods Manifest.lock */ = {
			isa = PBXShellScriptBuildPhase;
			buildActionMask = 2147483647;
			files = (
			);
			inputPaths = (
			);
			name = "[CP] Check Pods Manifest.lock";
			outputPaths = (
			);
			runOnlyForDeploymentPostprocessing = 0;
			shellPath = /bin/sh;
			shellScript = "diff \"${PODS_ROOT}/../Podfile.lock\" \"${PODS_ROOT}/Manifest.lock\" > /dev/null\nif [[ $? != 0 ]] ; then\n    cat << EOM\nerror: The sandbox is not in sync with the Podfile.lock. Run 'pod install' or update your CocoaPods installation.\nEOM\n    exit 1\nfi\n";
			showEnvVarsInLog = 0;
		};
		E6EA390019F60E90D14651C0 /* [CP] Embed Pods Frameworks */ = {
			isa = PBXShellScriptBuildPhase;
			buildActionMask = 2147483647;
			files = (
			);
			inputPaths = (
			);
			name = "[CP] Embed Pods Frameworks";
			outputPaths = (
			);
			runOnlyForDeploymentPostprocessing = 0;
			shellPath = /bin/sh;
			shellScript = "\"${SRCROOT}/Pods/Target Support Files/Pods-NTManagementTests/Pods-NTManagementTests-frameworks.sh\"\n";
			showEnvVarsInLog = 0;
		};
		FC22FCD4BFB4237E6F9E2AF7 /* [CP] Check Pods Manifest.lock */ = {
			isa = PBXShellScriptBuildPhase;
			buildActionMask = 2147483647;
			files = (
			);
			inputPaths = (
			);
			name = "[CP] Check Pods Manifest.lock";
			outputPaths = (
			);
			runOnlyForDeploymentPostprocessing = 0;
			shellPath = /bin/sh;
			shellScript = "diff \"${PODS_ROOT}/../Podfile.lock\" \"${PODS_ROOT}/Manifest.lock\" > /dev/null\nif [[ $? != 0 ]] ; then\n    cat << EOM\nerror: The sandbox is not in sync with the Podfile.lock. Run 'pod install' or update your CocoaPods installation.\nEOM\n    exit 1\nfi\n";
			showEnvVarsInLog = 0;
		};
/* End PBXShellScriptBuildPhase section */

/* Begin PBXSourcesBuildPhase section */
		6A666ECD1D1ADA0000F590C9 /* Sources */ = {
			isa = PBXSourcesBuildPhase;
			buildActionMask = 2147483647;
			files = (
				6A6ED4321D279B99003BF471 /* NTUnlockViewController.m in Sources */,
				6AA7628A1D22A27600E93E50 /* UIView+Extension.m in Sources */,
				6AB824FB1D240DBB00B26D18 /* NTLockViewSingleton.m in Sources */,
				6A59B1811D2CAC940083DF1E /* NTUnreadedTableViewController.m in Sources */,
				6A7105DD1D201CA70012AA99 /* NTLoginViewController.m in Sources */,
				6A6ED4351D279D38003BF471 /* NTUnlockView.m in Sources */,
				6AA7628B1D22A27600E93E50 /* AppDelegate.m in Sources */,
				6AA762891D22A27600E93E50 /* UIButton+Extension.m in Sources */,
				6ADB7D811D2A9DEF006BAFEA /* NTInformationViewController.m in Sources */,
				6AE4B8141D23C904005C9BD8 /* NTLockResultView.m in Sources */,
				6A59B1841D2CAD7D0083DF1E /* NTUnreadedTableViewCell.m in Sources */,
				6AA7627B1D229E6400E93E50 /* NTLockViewController.m in Sources */,
				6AA066DA1D48708300D253D1 /* NTLatestFlowTableViewCell.m in Sources */,
				6AA7628E1D22A38800E93E50 /* NTLockView.m in Sources */,
				6AA7628C1D22A27600E93E50 /* main.m in Sources */,
				6A6ED42B1D276098003BF471 /* PassWordTool.m in Sources */,
				6A60FD5B1D26C5A9002F9C88 /* NTSettingTableViewController.m in Sources */,
				6ABA51071D460622002C15BD /* NTNormalFlowTableViewCell.m in Sources */,
				6ABA51031D460604002C15BD /* NTFlowViewController.m in Sources */,
				6A7E4E191D214184000E68C1 /* NTLoginTableViewCell.m in Sources */,
				6AB824F81D2405EC00B26D18 /* NTTabBarController.m in Sources */,
				6A6ED42A1D276098003BF471 /* KeychainTool.m in Sources */,
			);
			runOnlyForDeploymentPostprocessing = 0;
		};
		6A666EE61D1ADA0100F590C9 /* Sources */ = {
			isa = PBXSourcesBuildPhase;
			buildActionMask = 2147483647;
			files = (
				6A666EEF1D1ADA0100F590C9 /* NTManagementTests.m in Sources */,
			);
			runOnlyForDeploymentPostprocessing = 0;
		};
		6A666EF11D1ADA0100F590C9 /* Sources */ = {
			isa = PBXSourcesBuildPhase;
			buildActionMask = 2147483647;
			files = (
				6A666EFA1D1ADA0100F590C9 /* NTManagementUITests.m in Sources */,
			);
			runOnlyForDeploymentPostprocessing = 0;
		};
/* End PBXSourcesBuildPhase section */

/* Begin PBXTargetDependency section */
		6A666EEC1D1ADA0100F590C9 /* PBXTargetDependency */ = {
			isa = PBXTargetDependency;
			target = 6A666ED01D1ADA0000F590C9 /* NTManagement */;
			targetProxy = 6A666EEB1D1ADA0100F590C9 /* PBXContainerItemProxy */;
		};
		6A666EF71D1ADA0100F590C9 /* PBXTargetDependency */ = {
			isa = PBXTargetDependency;
			target = 6A666ED01D1ADA0000F590C9 /* NTManagement */;
			targetProxy = 6A666EF61D1ADA0100F590C9 /* PBXContainerItemProxy */;
		};
/* End PBXTargetDependency section */

/* Begin PBXVariantGroup section */
		6A666EDD1D1ADA0000F590C9 /* Main.storyboard */ = {
			isa = PBXVariantGroup;
			children = (
				6A666EDE1D1ADA0000F590C9 /* Base */,
			);
			name = Main.storyboard;
			sourceTree = "<group>";
		};
		6A666EE21D1ADA0100F590C9 /* LaunchScreen.storyboard */ = {
			isa = PBXVariantGroup;
			children = (
				6A666EE31D1ADA0100F590C9 /* Base */,
			);
			name = LaunchScreen.storyboard;
			sourceTree = "<group>";
		};
/* End PBXVariantGroup section */

/* Begin XCBuildConfiguration section */
		6A666EFC1D1ADA0100F590C9 /* Debug */ = {
			isa = XCBuildConfiguration;
			buildSettings = {
				ALWAYS_SEARCH_USER_PATHS = NO;
				CLANG_ANALYZER_NONNULL = YES;
				CLANG_CXX_LANGUAGE_STANDARD = "gnu++0x";
				CLANG_CXX_LIBRARY = "libc++";
				CLANG_ENABLE_MODULES = YES;
				CLANG_ENABLE_OBJC_ARC = YES;
				CLANG_WARN_BOOL_CONVERSION = YES;
				CLANG_WARN_CONSTANT_CONVERSION = YES;
				CLANG_WARN_DIRECT_OBJC_ISA_USAGE = YES_ERROR;
				CLANG_WARN_EMPTY_BODY = YES;
				CLANG_WARN_ENUM_CONVERSION = YES;
				CLANG_WARN_INT_CONVERSION = YES;
				CLANG_WARN_OBJC_ROOT_CLASS = YES_ERROR;
				CLANG_WARN_UNREACHABLE_CODE = YES;
				CLANG_WARN__DUPLICATE_METHOD_MATCH = YES;
				"CODE_SIGN_IDENTITY[sdk=iphoneos*]" = "iPhone Developer";
				COPY_PHASE_STRIP = NO;
				DEBUG_INFORMATION_FORMAT = dwarf;
				ENABLE_STRICT_OBJC_MSGSEND = YES;
				ENABLE_TESTABILITY = YES;
				GCC_C_LANGUAGE_STANDARD = gnu99;
				GCC_DYNAMIC_NO_PIC = NO;
				GCC_NO_COMMON_BLOCKS = YES;
				GCC_OPTIMIZATION_LEVEL = 0;
				GCC_PREPROCESSOR_DEFINITIONS = (
					"DEBUG=1",
					"$(inherited)",
				);
				GCC_WARN_64_TO_32_BIT_CONVERSION = YES;
				GCC_WARN_ABOUT_RETURN_TYPE = YES_ERROR;
				GCC_WARN_UNDECLARED_SELECTOR = YES;
				GCC_WARN_UNINITIALIZED_AUTOS = YES_AGGRESSIVE;
				GCC_WARN_UNUSED_FUNCTION = YES;
				GCC_WARN_UNUSED_VARIABLE = YES;
				IPHONEOS_DEPLOYMENT_TARGET = 9.3;
				MTL_ENABLE_DEBUG_INFO = YES;
				ONLY_ACTIVE_ARCH = YES;
				SDKROOT = iphoneos;
			};
			name = Debug;
		};
		6A666EFD1D1ADA0100F590C9 /* Release */ = {
			isa = XCBuildConfiguration;
			buildSettings = {
				ALWAYS_SEARCH_USER_PATHS = NO;
				CLANG_ANALYZER_NONNULL = YES;
				CLANG_CXX_LANGUAGE_STANDARD = "gnu++0x";
				CLANG_CXX_LIBRARY = "libc++";
				CLANG_ENABLE_MODULES = YES;
				CLANG_ENABLE_OBJC_ARC = YES;
				CLANG_WARN_BOOL_CONVERSION = YES;
				CLANG_WARN_CONSTANT_CONVERSION = YES;
				CLANG_WARN_DIRECT_OBJC_ISA_USAGE = YES_ERROR;
				CLANG_WARN_EMPTY_BODY = YES;
				CLANG_WARN_ENUM_CONVERSION = YES;
				CLANG_WARN_INT_CONVERSION = YES;
				CLANG_WARN_OBJC_ROOT_CLASS = YES_ERROR;
				CLANG_WARN_UNREACHABLE_CODE = YES;
				CLANG_WARN__DUPLICATE_METHOD_MATCH = YES;
				"CODE_SIGN_IDENTITY[sdk=iphoneos*]" = "iPhone Developer";
				COPY_PHASE_STRIP = NO;
				DEBUG_INFORMATION_FORMAT = "dwarf-with-dsym";
				ENABLE_NS_ASSERTIONS = NO;
				ENABLE_STRICT_OBJC_MSGSEND = YES;
				GCC_C_LANGUAGE_STANDARD = gnu99;
				GCC_NO_COMMON_BLOCKS = YES;
				GCC_WARN_64_TO_32_BIT_CONVERSION = YES;
				GCC_WARN_ABOUT_RETURN_TYPE = YES_ERROR;
				GCC_WARN_UNDECLARED_SELECTOR = YES;
				GCC_WARN_UNINITIALIZED_AUTOS = YES_AGGRESSIVE;
				GCC_WARN_UNUSED_FUNCTION = YES;
				GCC_WARN_UNUSED_VARIABLE = YES;
				IPHONEOS_DEPLOYMENT_TARGET = 9.3;
				MTL_ENABLE_DEBUG_INFO = NO;
				SDKROOT = iphoneos;
				VALIDATE_PRODUCT = YES;
			};
			name = Release;
		};
		6A666EFF1D1ADA0100F590C9 /* Debug */ = {
			isa = XCBuildConfiguration;
			baseConfigurationReference = 1D37ECAD778D6158FAC1D5D8 /* Pods-NTManagement.debug.xcconfig */;
			buildSettings = {
				ASSETCATALOG_COMPILER_APPICON_NAME = AppIcon;
				GCC_INCREASE_PRECOMPILED_HEADER_SHARING = NO;
				GCC_PRECOMPILE_PREFIX_HEADER = YES;
				GCC_PREFIX_HEADER = "$(SRCROOT)/NTManagement/Main/Others/PrefixHeader.pch";
				INFOPLIST_FILE = NTManagement/Info.plist;
				LD_RUNPATH_SEARCH_PATHS = "$(inherited) @executable_path/Frameworks";
				PRODUCT_BUNDLE_IDENTIFIER = me.nineteen.NTManagement;
				PRODUCT_NAME = "$(TARGET_NAME)";
			};
			name = Debug;
		};
		6A666F001D1ADA0100F590C9 /* Release */ = {
			isa = XCBuildConfiguration;
			baseConfigurationReference = B2519CC79F8EB38FA00E8D2C /* Pods-NTManagement.release.xcconfig */;
			buildSettings = {
				ASSETCATALOG_COMPILER_APPICON_NAME = AppIcon;
				GCC_INCREASE_PRECOMPILED_HEADER_SHARING = NO;
				GCC_PRECOMPILE_PREFIX_HEADER = YES;
				GCC_PREFIX_HEADER = "$(SRCROOT)/NTManagement/Main/Others/PrefixHeader.pch";
				INFOPLIST_FILE = NTManagement/Info.plist;
				LD_RUNPATH_SEARCH_PATHS = "$(inherited) @executable_path/Frameworks";
				PRODUCT_BUNDLE_IDENTIFIER = me.nineteen.NTManagement;
				PRODUCT_NAME = "$(TARGET_NAME)";
			};
			name = Release;
		};
		6A666F021D1ADA0100F590C9 /* Debug */ = {
			isa = XCBuildConfiguration;
			baseConfigurationReference = 98CCAC7D872136A15C0A85B4 /* Pods-NTManagementTests.debug.xcconfig */;
			buildSettings = {
				BUNDLE_LOADER = "$(TEST_HOST)";
				INFOPLIST_FILE = NTManagementTests/Info.plist;
				LD_RUNPATH_SEARCH_PATHS = "$(inherited) @executable_path/Frameworks @loader_path/Frameworks";
				PRODUCT_BUNDLE_IDENTIFIER = me.nineteen.NTManagementTests;
				PRODUCT_NAME = "$(TARGET_NAME)";
				TEST_HOST = "$(BUILT_PRODUCTS_DIR)/NTManagement.app/NTManagement";
			};
			name = Debug;
		};
		6A666F031D1ADA0100F590C9 /* Release */ = {
			isa = XCBuildConfiguration;
			baseConfigurationReference = 6DB09DB2A985706F0CDF5F3E /* Pods-NTManagementTests.release.xcconfig */;
			buildSettings = {
				BUNDLE_LOADER = "$(TEST_HOST)";
				INFOPLIST_FILE = NTManagementTests/Info.plist;
				LD_RUNPATH_SEARCH_PATHS = "$(inherited) @executable_path/Frameworks @loader_path/Frameworks";
				PRODUCT_BUNDLE_IDENTIFIER = me.nineteen.NTManagementTests;
				PRODUCT_NAME = "$(TARGET_NAME)";
				TEST_HOST = "$(BUILT_PRODUCTS_DIR)/NTManagement.app/NTManagement";
			};
			name = Release;
		};
		6A666F051D1ADA0100F590C9 /* Debug */ = {
			isa = XCBuildConfiguration;
			baseConfigurationReference = A81888B979B989D23F2805AD /* Pods-NTManagementUITests.debug.xcconfig */;
			buildSettings = {
				INFOPLIST_FILE = NTManagementUITests/Info.plist;
				LD_RUNPATH_SEARCH_PATHS = "$(inherited) @executable_path/Frameworks @loader_path/Frameworks";
				PRODUCT_BUNDLE_IDENTIFIER = me.nineteen.NTManagementUITests;
				PRODUCT_NAME = "$(TARGET_NAME)";
				TEST_TARGET_NAME = NTManagement;
			};
			name = Debug;
		};
		6A666F061D1ADA0100F590C9 /* Release */ = {
			isa = XCBuildConfiguration;
			baseConfigurationReference = B937495F951A9705D0B02DBF /* Pods-NTManagementUITests.release.xcconfig */;
			buildSettings = {
				INFOPLIST_FILE = NTManagementUITests/Info.plist;
				LD_RUNPATH_SEARCH_PATHS = "$(inherited) @executable_path/Frameworks @loader_path/Frameworks";
				PRODUCT_BUNDLE_IDENTIFIER = me.nineteen.NTManagementUITests;
				PRODUCT_NAME = "$(TARGET_NAME)";
				TEST_TARGET_NAME = NTManagement;
			};
			name = Release;
		};
/* End XCBuildConfiguration section */

/* Begin XCConfigurationList section */
		6A666ECC1D1ADA0000F590C9 /* Build configuration list for PBXProject "NTManagement" */ = {
			isa = XCConfigurationList;
			buildConfigurations = (
				6A666EFC1D1ADA0100F590C9 /* Debug */,
				6A666EFD1D1ADA0100F590C9 /* Release */,
			);
			defaultConfigurationIsVisible = 0;
			defaultConfigurationName = Release;
		};
		6A666EFE1D1ADA0100F590C9 /* Build configuration list for PBXNativeTarget "NTManagement" */ = {
			isa = XCConfigurationList;
			buildConfigurations = (
				6A666EFF1D1ADA0100F590C9 /* Debug */,
				6A666F001D1ADA0100F590C9 /* Release */,
			);
			defaultConfigurationIsVisible = 0;
			defaultConfigurationName = Release;
		};
		6A666F011D1ADA0100F590C9 /* Build configuration list for PBXNativeTarget "NTManagementTests" */ = {
			isa = XCConfigurationList;
			buildConfigurations = (
				6A666F021D1ADA0100F590C9 /* Debug */,
				6A666F031D1ADA0100F590C9 /* Release */,
			);
			defaultConfigurationIsVisible = 0;
			defaultConfigurationName = Release;
		};
		6A666F041D1ADA0100F590C9 /* Build configuration list for PBXNativeTarget "NTManagementUITests" */ = {
			isa = XCConfigurationList;
			buildConfigurations = (
				6A666F051D1ADA0100F590C9 /* Debug */,
				6A666F061D1ADA0100F590C9 /* Release */,
			);
			defaultConfigurationIsVisible = 0;
			defaultConfigurationName = Release;
		};
/* End XCConfigurationList section */
	};
	rootObject = 6A666EC91D1ADA0000F590C9 /* Project object */;
}
